
Microsoft Visual Studio Solution File, Format Version 12.00
# Visual Studio Version 17
VisualStudioVersion = 17.1.32210.238
MinimumVisualStudioVersion = 10.0.40219.1
Project("{9A19103F-16F7-4668-BE54-9A1E7A4F7556}") = "GithubNewRepoTest", "GithubNewRepoTest\GithubNewRepoTest.csproj", "{7A48D82A-B06D-48D7-AFD5-763781DA311C}"
EndProject
Project("{FAE04EC0-301F-11D3-BF4B-00C04F79EFBC}") = "GithubNewRepo", "GithubNewRepo\GithubNewRepo.csproj", "{2013E267-0650-45DF-8325-1B7393DF20E6}"
EndProject
Global
	GlobalSection(SolutionConfigurationPlatforms) = preSolution
		Debug|Any CPU = Debug|Any CPU
		Release|Any CPU = Release|Any CPU
	EndGlobalSection
	GlobalSection(ProjectConfigurationPlatforms) = postSolution
		{7A48D82A-B06D-48D7-AFD5-763781DA311C}.Debug|Any CPU.ActiveCfg = Debug|Any CPU
		{7A48D82A-B06D-48D7-AFD5-763781DA311C}.Debug|Any CPU.Build.0 = Debug|Any CPU
		{7A48D82A-B06D-48D7-AFD5-763781DA311C}.Release|Any CPU.ActiveCfg = Release|Any CPU
		{7A48D82A-B06D-48D7-AFD5-763781DA311C}.Release|Any CPU.Build.0 = Release|Any CPU
		{2013E267-0650-45DF-8325-1B7393DF20E6}.Debug|Any CPU.ActiveCfg = Debug|Any CPU
		{2013E267-0650-45DF-8325-1B7393DF20E6}.Debug|Any CPU.Build.0 = Debug|Any CPU
		{2013E267-0650-45DF-8325-1B7393DF20E6}.Release|Any CPU.ActiveCfg = Release|Any CPU
		{2013E267-0650-45DF-8325-1B7393DF20E6}.Release|Any CPU.Build.0 = Release|Any CPU
	EndGlobalSection
	GlobalSection(SolutionProperties) = preSolution
		HideSolutionNode = FALSE
	EndGlobalSection
	GlobalSection(ExtensibilityGlobals) = postSolution
		SolutionGuid = {48B84986-BE17-4894-BFB8-4569FA53EE2E}
	EndGlobalSection
EndGlobal
